{
  "name": "lark-feishu-codex-listener",
  "lockfileVersion": 3,
  "requires": true,
  "packages": {
    "": {
      "dependencies": {
        "@openai/codex-sdk": "^0.98.0"
      }
    },
    "node_modules/@openai/codex-sdk": {
      "version": "0.98.0",
      "resolved": "https://registry.npmjs.org/@openai/codex-sdk/-/codex-sdk-0.98.0.tgz",
      "integrity": "sha512-TbPgrBpuSNMJyOXys0HNsh6UoP5VIHu1fVh2KDdACi5XyB0vuPtzBZC+qOsxHz7WXEQPFlomPLyxS6JnE5Okmg==",
      "license": "Apache-2.0",
      "engines": {
        "node": ">=18"
      }
    }
  }
}
